
Microsoft Visual Studio Solution File, Format Version 12.00
# Visual Studio Version 16
VisualStudioVersion = 16.0.30413.136
MinimumVisualStudioVersion = 10.0.40219.1
Project("{9A19103F-16F7-4668-BE54-9A1E7A4F7556}") = "Alugamer", "Alugamer.csproj", "{C723FC38-9ECA-4D41-8403-A2608C9EAA93}"
EndProject
Project("{FAE04EC0-301F-11D3-BF4B-00C04F79EFBC}") = "Alugamer.Testes", "..\Alugamer.Testes\Alugamer.Testes.csproj", "{E6E744E7-CEE8-40C4-B242-0B65F147BBFC}"
EndProject
Global
	GlobalSection(SolutionConfigurationPlatforms) = preSolution
		Debug|Any CPU = Debug|Any CPU
		Release|Any CPU = Release|Any CPU
	EndGlobalSection
	GlobalSection(ProjectConfigurationPlatforms) = postSolution
		{C723FC38-9ECA-4D41-8403-A2608C9EAA93}.Debug|Any CPU.ActiveCfg = Debug|Any CPU
		{C723FC38-9ECA-4D41-8403-A2608C9EAA93}.Debug|Any CPU.Build.0 = Debug|Any CPU
		{C723FC38-9ECA-4D41-8403-A2608C9EAA93}.Release|Any CPU.ActiveCfg = Release|Any CPU
		{C723FC38-9ECA-4D41-8403-A2608C9EAA93}.Release|Any CPU.Build.0 = Release|Any CPU
		{E6E744E7-CEE8-40C4-B242-0B65F147BBFC}.Debug|Any CPU.ActiveCfg = Debug|Any CPU
		{E6E744E7-CEE8-40C4-B242-0B65F147BBFC}.Debug|Any CPU.Build.0 = Debug|Any CPU
		{E6E744E7-CEE8-40C4-B242-0B65F147BBFC}.Release|Any CPU.ActiveCfg = Release|Any CPU
		{E6E744E7-CEE8-40C4-B242-0B65F147BBFC}.Release|Any CPU.Build.0 = Release|Any CPU
	EndGlobalSection
	GlobalSection(SolutionProperties) = preSolution
		HideSolutionNode = FALSE
	EndGlobalSection
	GlobalSection(ExtensibilityGlobals) = postSolution
		SolutionGuid = {13A8217E-3358-436E-9408-AC74C77AB148}
	EndGlobalSection
EndGlobal
